PODS:
  - Flutter (1.0.0)
  - flutter_crash_report (0.0.1):
    - Flutter

DEPENDENCIES:
  - Flutter (from `.symlinks/flutter/ios`)
  - flutter_crash_report (from `.symlinks/plugins/flutter_crash_report/ios`)

EXTERNAL SOURCES:
  Flutter:
    :path: ".symlinks/flutter/ios"
  flutter_crash_report:
    :path: ".symlinks/plugins/flutter_crash_report/ios"

SPEC CHECKSUMS:
  Flutter: 58dd7d1b27887414a370fcccb9e645c08ffd7a6a
  flutter_crash_report: 60b2f142af56f1d10aa4a7bf27f10368687999b9

PODFILE CHECKSUM: aff02bfeed411c636180d6812254b2daeea14d09

COCOAPODS: 1.7.1
